
Microsoft Visual Studio Solution File, Format Version 12.00
# Visual Studio Version 17
VisualStudioVersion = 17.8.34601.278
MinimumVisualStudioVersion = 10.0.40219.1
Project("{FAE04EC0-301F-11D3-BF4B-00C04F79EFBC}") = "EnableAllTokenPrivs", "EnableAllTokenPrivs.csproj", "{3C8AA457-3659-4CDD-A685-66F7ED10DC4F}"
EndProject
Global
	GlobalSection(SolutionConfigurationPlatforms) = preSolution
		Debug|Any CPU = Debug|Any CPU
		Release|Any CPU = Release|Any CPU
	EndGlobalSection
	GlobalSection(ProjectConfigurationPlatforms) = postSolution
		{3C8AA457-3659-4CDD-A685-66F7ED10DC4F}.Debug|Any CPU.ActiveCfg = Debug|Any CPU
		{3C8AA457-3659-4CDD-A685-66F7ED10DC4F}.Debug|Any CPU.Build.0 = Debug|Any CPU
		{3C8AA457-3659-4CDD-A685-66F7ED10DC4F}.Release|Any CPU.ActiveCfg = Release|Any CPU
		{3C8AA457-3659-4CDD-A685-66F7ED10DC4F}.Release|Any CPU.Build.0 = Release|Any CPU
	EndGlobalSection
	GlobalSection(SolutionProperties) = preSolution
		HideSolutionNode = FALSE
	EndGlobalSection
	GlobalSection(ExtensibilityGlobals) = postSolution
		SolutionGuid = {C3E2DF84-83EA-4D88-9A3B-E02CB88C80C6}
	EndGlobalSection
EndGlobal
